
Microsoft Visual Studio Solution File, Format Version 12.00
# Visual Studio Version 16
VisualStudioVersion = 16.0.30104.148
MinimumVisualStudioVersion = 10.0.40219.1
Project("{FAE04EC0-301F-11D3-BF4B-00C04F79EFBC}") = "Aplikacja1", "Aplikacja1.csproj", "{3EB420FC-D62F-4FB3-8CB6-8A71484B10D7}"
EndProject
Global
	GlobalSection(SolutionConfigurationPlatforms) = preSolution
		Debug|Any CPU = Debug|Any CPU
		Release|Any CPU = Release|Any CPU
	EndGlobalSection
	GlobalSection(ProjectConfigurationPlatforms) = postSolution
		{3EB420FC-D62F-4FB3-8CB6-8A71484B10D7}.Debug|Any CPU.ActiveCfg = Debug|Any CPU
		{3EB420FC-D62F-4FB3-8CB6-8A71484B10D7}.Debug|Any CPU.Build.0 = Debug|Any CPU
		{3EB420FC-D62F-4FB3-8CB6-8A71484B10D7}.Release|Any CPU.ActiveCfg = Release|Any CPU
		{3EB420FC-D62F-4FB3-8CB6-8A71484B10D7}.Release|Any CPU.Build.0 = Release|Any CPU
	EndGlobalSection
	GlobalSection(SolutionProperties) = preSolution
		HideSolutionNode = FALSE
	EndGlobalSection
	GlobalSection(ExtensibilityGlobals) = postSolution
		SolutionGuid = {BE33F55F-E96D-4711-B66F-4BF7A0240361}
	EndGlobalSection
EndGlobal
