
Microsoft Visual Studio Solution File, Format Version 12.00
# Visual Studio Version 16
VisualStudioVersion = 16.0.30611.23
MinimumVisualStudioVersion = 10.0.40219.1
Project("{FAE04EC0-301F-11D3-BF4B-00C04F79EFBC}") = "ConsoleApp1", "ConsoleApp1\ConsoleApp1.csproj", "{E3713E81-80CA-4731-96A8-760B17418CF4}"
EndProject
Global
	GlobalSection(SolutionConfigurationPlatforms) = preSolution
		Debug|Any CPU = Debug|Any CPU
		Release|Any CPU = Release|Any CPU
	EndGlobalSection
	GlobalSection(ProjectConfigurationPlatforms) = postSolution
		{E3713E81-80CA-4731-96A8-760B17418CF4}.Debug|Any CPU.ActiveCfg = Debug|Any CPU
		{E3713E81-80CA-4731-96A8-760B17418CF4}.Debug|Any CPU.Build.0 = Debug|Any CPU
		{E3713E81-80CA-4731-96A8-760B17418CF4}.Release|Any CPU.ActiveCfg = Release|Any CPU
		{E3713E81-80CA-4731-96A8-760B17418CF4}.Release|Any CPU.Build.0 = Release|Any CPU
	EndGlobalSection
	GlobalSection(SolutionProperties) = preSolution
		HideSolutionNode = FALSE
	EndGlobalSection
	GlobalSection(ExtensibilityGlobals) = postSolution
		SolutionGuid = {8F7A933A-C253-48CE-AB5A-29DDDB256333}
	EndGlobalSection
EndGlobal
