
Microsoft Visual Studio Solution File, Format Version 12.00
# Visual Studio Version 16
VisualStudioVersion = 16.0.30611.23
MinimumVisualStudioVersion = 10.0.40219.1
Project("{FAE04EC0-301F-11D3-BF4B-00C04F79EFBC}") = "ConsoleApp1", "ConsoleApp1\ConsoleApp1.csproj", "{B18D6DD7-DD7F-40CD-A893-9F0A3E3FCA33}"
EndProject
Global
	GlobalSection(SolutionConfigurationPlatforms) = preSolution
		Debug|Any CPU = Debug|Any CPU
		Release|Any CPU = Release|Any CPU
	EndGlobalSection
	GlobalSection(ProjectConfigurationPlatforms) = postSolution
		{B18D6DD7-DD7F-40CD-A893-9F0A3E3FCA33}.Debug|Any CPU.ActiveCfg = Debug|Any CPU
		{B18D6DD7-DD7F-40CD-A893-9F0A3E3FCA33}.Debug|Any CPU.Build.0 = Debug|Any CPU
		{B18D6DD7-DD7F-40CD-A893-9F0A3E3FCA33}.Release|Any CPU.ActiveCfg = Release|Any CPU
		{B18D6DD7-DD7F-40CD-A893-9F0A3E3FCA33}.Release|Any CPU.Build.0 = Release|Any CPU
	EndGlobalSection
	GlobalSection(SolutionProperties) = preSolution
		HideSolutionNode = FALSE
	EndGlobalSection
	GlobalSection(ExtensibilityGlobals) = postSolution
		SolutionGuid = {1AA55D4A-E3EE-4360-A259-DCD635733C6F}
	EndGlobalSection
EndGlobal
